
Microsoft Visual Studio Solution File, Format Version 12.00
# Visual Studio Version 17
VisualStudioVersion = 17.0.31903.59
MinimumVisualStudioVersion = 10.0.40219.1
Project("{2150E333-8FDC-42A3-9474-1A3956D46DE8}") = "src", "src", "{7D8BE70E-B0FC-4E77-B9CD-2F91E20CA78E}"
EndProject
Project("{FAE04EC0-301F-11D3-BF4B-00C04F79EFBC}") = "Vrl.Core", "src\Vrl.Core\Vrl.Core.csproj", "{8DC796CE-14E3-4243-9293-D24C7C3D7D15}"
EndProject
Project("{FAE04EC0-301F-11D3-BF4B-00C04F79EFBC}") = "Vrl.Dataverse", "src\Vrl.Dataverse\Vrl.Dataverse.csproj", "{14C4A009-D6D1-478D-BBC8-DF56790CEB48}"
EndProject
Project("{2150E333-8FDC-42A3-9474-1A3956D46DE8}") = "tests", "tests", "{E00AD940-7AAD-499C-8624-82FF69D6A2D0}"
EndProject
Project("{FAE04EC0-301F-11D3-BF4B-00C04F79EFBC}") = "Vrl.Core.Tests", "tests\Vrl.Core.Tests\Vrl.Core.Tests.csproj", "{C601B647-77BE-400B-8507-FC4583FB684F}"
EndProject
Project("{2150E333-8FDC-42A3-9474-1A3956D46DE8}") = "tools", "tools", "{CB9BB3D4-974B-4856-A36D-EB0F5F3815F5}"
EndProject
Project("{FAE04EC0-301F-11D3-BF4B-00C04F79EFBC}") = "Vrl.Tools", "tools\Vrl.Tools\Vrl.Tools.csproj", "{BD411ED8-0211-4445-8C3D-803AC6348481}"
EndProject
Project("{FAE04EC0-301F-11D3-BF4B-00C04F79EFBC}") = "Vrl.AI", "src\Vrl.AI\Vrl.AI.csproj", "{9F1136B1-F64E-434D-A0F6-01020DC54AA0}"
EndProject
Project("{FAE04EC0-301F-11D3-BF4B-00C04F79EFBC}") = "Vrl.Functions", "src\Vrl.Functions\Vrl.Functions.csproj", "{35C57EDC-3F4E-473A-8AE7-7504306DCB95}"
EndProject
Project("{FAE04EC0-301F-11D3-BF4B-00C04F79EFBC}") = "Vrl.Dataverse.Tests", "tests\Vrl.Dataverse.Tests\Vrl.Dataverse.Tests.csproj", "{9961BB5D-DE5A-444E-B094-AEC859F8ED14}"
EndProject
Global
	GlobalSection(SolutionConfigurationPlatforms) = preSolution
		Debug|Any CPU = Debug|Any CPU
		Release|Any CPU = Release|Any CPU
	EndGlobalSection
	GlobalSection(SolutionProperties) = preSolution
		HideSolutionNode = FALSE
	EndGlobalSection
	GlobalSection(ProjectConfigurationPlatforms) = postSolution
		{8DC796CE-14E3-4243-9293-D24C7C3D7D15}.Debug|Any CPU.ActiveCfg = Debug|Any CPU
		{8DC796CE-14E3-4243-9293-D24C7C3D7D15}.Debug|Any CPU.Build.0 = Debug|Any CPU
		{8DC796CE-14E3-4243-9293-D24C7C3D7D15}.Release|Any CPU.ActiveCfg = Release|Any CPU
		{8DC796CE-14E3-4243-9293-D24C7C3D7D15}.Release|Any CPU.Build.0 = Release|Any CPU
		{14C4A009-D6D1-478D-BBC8-DF56790CEB48}.Debug|Any CPU.ActiveCfg = Debug|Any CPU
		{14C4A009-D6D1-478D-BBC8-DF56790CEB48}.Debug|Any CPU.Build.0 = Debug|Any CPU
		{14C4A009-D6D1-478D-BBC8-DF56790CEB48}.Release|Any CPU.ActiveCfg = Release|Any CPU
		{14C4A009-D6D1-478D-BBC8-DF56790CEB48}.Release|Any CPU.Build.0 = Release|Any CPU
		{C601B647-77BE-400B-8507-FC4583FB684F}.Debug|Any CPU.ActiveCfg = Debug|Any CPU
		{C601B647-77BE-400B-8507-FC4583FB684F}.Debug|Any CPU.Build.0 = Debug|Any CPU
		{C601B647-77BE-400B-8507-FC4583FB684F}.Release|Any CPU.ActiveCfg = Release|Any CPU
		{C601B647-77BE-400B-8507-FC4583FB684F}.Release|Any CPU.Build.0 = Release|Any CPU
		{BD411ED8-0211-4445-8C3D-803AC6348481}.Debug|Any CPU.ActiveCfg = Debug|Any CPU
		{BD411ED8-0211-4445-8C3D-803AC6348481}.Debug|Any CPU.Build.0 = Debug|Any CPU
		{BD411ED8-0211-4445-8C3D-803AC6348481}.Release|Any CPU.ActiveCfg = Release|Any CPU
		{BD411ED8-0211-4445-8C3D-803AC6348481}.Release|Any CPU.Build.0 = Release|Any CPU
		{9F1136B1-F64E-434D-A0F6-01020DC54AA0}.Debug|Any CPU.ActiveCfg = Debug|Any CPU
		{9F1136B1-F64E-434D-A0F6-01020DC54AA0}.Debug|Any CPU.Build.0 = Debug|Any CPU
		{9F1136B1-F64E-434D-A0F6-01020DC54AA0}.Release|Any CPU.ActiveCfg = Release|Any CPU
		{9F1136B1-F64E-434D-A0F6-01020DC54AA0}.Release|Any CPU.Build.0 = Release|Any CPU
		{35C57EDC-3F4E-473A-8AE7-7504306DCB95}.Debug|Any CPU.ActiveCfg = Debug|Any CPU
		{35C57EDC-3F4E-473A-8AE7-7504306DCB95}.Debug|Any CPU.Build.0 = Debug|Any CPU
		{35C57EDC-3F4E-473A-8AE7-7504306DCB95}.Release|Any CPU.ActiveCfg = Release|Any CPU
		{35C57EDC-3F4E-473A-8AE7-7504306DCB95}.Release|Any CPU.Build.0 = Release|Any CPU
		{9961BB5D-DE5A-444E-B094-AEC859F8ED14}.Debug|Any CPU.ActiveCfg = Debug|Any CPU
		{9961BB5D-DE5A-444E-B094-AEC859F8ED14}.Debug|Any CPU.Build.0 = Debug|Any CPU
		{9961BB5D-DE5A-444E-B094-AEC859F8ED14}.Release|Any CPU.ActiveCfg = Release|Any CPU
		{9961BB5D-DE5A-444E-B094-AEC859F8ED14}.Release|Any CPU.Build.0 = Release|Any CPU
	EndGlobalSection
	GlobalSection(NestedProjects) = preSolution
		{8DC796CE-14E3-4243-9293-D24C7C3D7D15} = {7D8BE70E-B0FC-4E77-B9CD-2F91E20CA78E}
		{14C4A009-D6D1-478D-BBC8-DF56790CEB48} = {7D8BE70E-B0FC-4E77-B9CD-2F91E20CA78E}
		{C601B647-77BE-400B-8507-FC4583FB684F} = {E00AD940-7AAD-499C-8624-82FF69D6A2D0}
		{BD411ED8-0211-4445-8C3D-803AC6348481} = {CB9BB3D4-974B-4856-A36D-EB0F5F3815F5}
		{9F1136B1-F64E-434D-A0F6-01020DC54AA0} = {7D8BE70E-B0FC-4E77-B9CD-2F91E20CA78E}
		{35C57EDC-3F4E-473A-8AE7-7504306DCB95} = {7D8BE70E-B0FC-4E77-B9CD-2F91E20CA78E}
		{9961BB5D-DE5A-444E-B094-AEC859F8ED14} = {E00AD940-7AAD-499C-8624-82FF69D6A2D0}
	EndGlobalSection
EndGlobal
